
Microsoft Visual Studio Solution File, Format Version 12.00
# Visual Studio Version 16
VisualStudioVersion = 16.0.31911.196
MinimumVisualStudioVersion = 10.0.40219.1
Project("{FAE04EC0-301F-11D3-BF4B-00C04F79EFBC}") = "4.1", "4.1\4.1.csproj", "{4B6FBBDE-9EF6-4AC3-A23E-AA1F0257279A}"
EndProject
Global
	GlobalSection(SolutionConfigurationPlatforms) = preSolution
		Debug|Any CPU = Debug|Any CPU
		Release|Any CPU = Release|Any CPU
	EndGlobalSection
	GlobalSection(ProjectConfigurationPlatforms) = postSolution
		{4B6FBBDE-9EF6-4AC3-A23E-AA1F0257279A}.Debug|Any CPU.ActiveCfg = Debug|Any CPU
		{4B6FBBDE-9EF6-4AC3-A23E-AA1F0257279A}.Debug|Any CPU.Build.0 = Debug|Any CPU
		{4B6FBBDE-9EF6-4AC3-A23E-AA1F0257279A}.Release|Any CPU.ActiveCfg = Release|Any CPU
		{4B6FBBDE-9EF6-4AC3-A23E-AA1F0257279A}.Release|Any CPU.Build.0 = Release|Any CPU
	EndGlobalSection
	GlobalSection(SolutionProperties) = preSolution
		HideSolutionNode = FALSE
	EndGlobalSection
	GlobalSection(ExtensibilityGlobals) = postSolution
		SolutionGuid = {CAA2585D-31A5-4734-9BE3-5401D9DBF819}
	EndGlobalSection
EndGlobal
